
Microsoft Visual Studio Solution File, Format Version 12.00
# Visual Studio Version 16
VisualStudioVersion = 16.0.32802.440
MinimumVisualStudioVersion = 10.0.40219.1
Project("{FAE04EC0-301F-11D3-BF4B-00C04F79EFBC}") = "hasta sıra", "hasta sıra\hasta sıra.csproj", "{5909B35E-8685-420D-A0AB-349CF1239B4E}"
EndProject
Project("{FAE04EC0-301F-11D3-BF4B-00C04F79EFBC}") = "Hasta ekranı", "Hasta ekranı\Hasta ekranı.csproj", "{EA5EC04A-D9F9-452C-95D4-08DD1464F045}"
EndProject
Global
	GlobalSection(SolutionConfigurationPlatforms) = preSolution
		Debug|Any CPU = Debug|Any CPU
		Release|Any CPU = Release|Any CPU
	EndGlobalSection
	GlobalSection(ProjectConfigurationPlatforms) = postSolution
		{5909B35E-8685-420D-A0AB-349CF1239B4E}.Debug|Any CPU.ActiveCfg = Debug|Any CPU
		{5909B35E-8685-420D-A0AB-349CF1239B4E}.Debug|Any CPU.Build.0 = Debug|Any CPU
		{5909B35E-8685-420D-A0AB-349CF1239B4E}.Release|Any CPU.ActiveCfg = Release|Any CPU
		{5909B35E-8685-420D-A0AB-349CF1239B4E}.Release|Any CPU.Build.0 = Release|Any CPU
		{EA5EC04A-D9F9-452C-95D4-08DD1464F045}.Debug|Any CPU.ActiveCfg = Debug|Any CPU
		{EA5EC04A-D9F9-452C-95D4-08DD1464F045}.Debug|Any CPU.Build.0 = Debug|Any CPU
		{EA5EC04A-D9F9-452C-95D4-08DD1464F045}.Release|Any CPU.ActiveCfg = Release|Any CPU
		{EA5EC04A-D9F9-452C-95D4-08DD1464F045}.Release|Any CPU.Build.0 = Release|Any CPU
	EndGlobalSection
	GlobalSection(SolutionProperties) = preSolution
		HideSolutionNode = FALSE
	EndGlobalSection
	GlobalSection(ExtensibilityGlobals) = postSolution
		SolutionGuid = {9B09182D-22E5-4D8E-8902-AC17D43444E1}
	EndGlobalSection
EndGlobal
