
Microsoft Visual Studio Solution File, Format Version 12.00
# Visual Studio Version 17
VisualStudioVersion = 17.3.32929.385
MinimumVisualStudioVersion = 10.0.40219.1
Project("{FAE04EC0-301F-11D3-BF4B-00C04F79EFBC}") = "tiger windows server", "tiger windows server\tiger windows server.csproj", "{6976FFF7-C030-47BB-8B64-1A11FC242ECC}"
EndProject
Global
	GlobalSection(SolutionConfigurationPlatforms) = preSolution
		Debug|Any CPU = Debug|Any CPU
		Release|Any CPU = Release|Any CPU
	EndGlobalSection
	GlobalSection(ProjectConfigurationPlatforms) = postSolution
		{6976FFF7-C030-47BB-8B64-1A11FC242ECC}.Debug|Any CPU.ActiveCfg = Debug|Any CPU
		{6976FFF7-C030-47BB-8B64-1A11FC242ECC}.Debug|Any CPU.Build.0 = Debug|Any CPU
		{6976FFF7-C030-47BB-8B64-1A11FC242ECC}.Release|Any CPU.ActiveCfg = Release|Any CPU
		{6976FFF7-C030-47BB-8B64-1A11FC242ECC}.Release|Any CPU.Build.0 = Release|Any CPU
	EndGlobalSection
	GlobalSection(SolutionProperties) = preSolution
		HideSolutionNode = FALSE
	EndGlobalSection
	GlobalSection(ExtensibilityGlobals) = postSolution
		SolutionGuid = {3FE2EFA9-0BE9-4CAA-9C2A-4640D62B4670}
	EndGlobalSection
EndGlobal
